# This file is automatically @generated by Cargo.
# It is not intended for manual editing.
version = 3

[[package]]
name = "mylib"
version = "0.1.0"
dependencies = [
 "mylib-sys",
]

[[package]]
name = "mylib-sys"
version = "0.1.0"

[[package]]
name = "rustc_repro_87932"
version = "0.1.0"
dependencies = [
 "mylib",
 "mylib-sys",
]
